# THIS IS AN AUTOGENERATED FILE. DO NOT EDIT THIS FILE DIRECTLY.
# yarn lockfile v1


jquery@1.12.0:
  version "1.12.0"
  resolved "https://registry.yarnpkg.com/jquery/-/jquery-1.12.0.tgz#44653be4e3e4628b106bf2141dfd10fbca6021ef"
  integrity sha1-RGU75OPkYosQa/IUHf0Q+8pgIe8=

jquery@^3.4.1:
  version "3.4.1"
  resolved "https://registry.yarnpkg.com/jquery/-/jquery-3.4.1.tgz#714f1f8d9dde4bdfa55764ba37ef214630d80ef2"
  integrity sha512-36+AdBzCL+y6qjw5Tx7HgzeGCzC81MDDgaUP8ld2zhx58HdqXGoBd+tHdrBMiyjGQs0Hxs/MLZTu/eHNJJuWPw==

turn.js@^1.0.5:
  version "1.0.5"
  resolved "https://registry.yarnpkg.com/turn.js/-/turn.js-1.0.5.tgz#47fa2245cac5fd44b0b64316a26aedef6ff221a4"
  integrity sha1-R/oiRcrF/USwtkMWomrt72/yIaQ=
  dependencies:
    jquery "1.12.0"
